
Microsoft Visual Studio Solution File, Format Version 12.00
# Visual Studio Version 17
VisualStudioVersion = 17.6.33815.320
MinimumVisualStudioVersion = 10.0.40219.1
Project("{9A19103F-16F7-4668-BE54-9A1E7A4F7556}") = "Student.EntityLayer", "Student.EntityLayer\Student.EntityLayer.csproj", "{F78E81F9-F5E9-46EE-89D8-C6E04BC4A434}"
EndProject
Project("{9A19103F-16F7-4668-BE54-9A1E7A4F7556}") = "Student.DataAccessLayer", "Student.DataAccessLayer\Student.DataAccessLayer.csproj", "{A93E6B46-FBA6-4D6E-9103-CF6AD4BFEB2A}"
EndProject
Project("{9A19103F-16F7-4668-BE54-9A1E7A4F7556}") = "Student.Bsiness", "Student.Bsiness\Student.Bsiness.csproj", "{9820FFFF-9E8F-4D81-A3E8-9BFDCE24DBD3}"
EndProject
Project("{FAE04EC0-301F-11D3-BF4B-00C04F79EFBC}") = "ApiStudent", "ApiStudent\ApiStudent.csproj", "{60996FF3-6B53-491C-9FBF-0E8A23C3F011}"
EndProject
Global
	GlobalSection(SolutionConfigurationPlatforms) = preSolution
		Debug|Any CPU = Debug|Any CPU
		Release|Any CPU = Release|Any CPU
	EndGlobalSection
	GlobalSection(ProjectConfigurationPlatforms) = postSolution
		{F78E81F9-F5E9-46EE-89D8-C6E04BC4A434}.Debug|Any CPU.ActiveCfg = Debug|Any CPU
		{F78E81F9-F5E9-46EE-89D8-C6E04BC4A434}.Debug|Any CPU.Build.0 = Debug|Any CPU
		{F78E81F9-F5E9-46EE-89D8-C6E04BC4A434}.Release|Any CPU.ActiveCfg = Release|Any CPU
		{F78E81F9-F5E9-46EE-89D8-C6E04BC4A434}.Release|Any CPU.Build.0 = Release|Any CPU
		{A93E6B46-FBA6-4D6E-9103-CF6AD4BFEB2A}.Debug|Any CPU.ActiveCfg = Debug|Any CPU
		{A93E6B46-FBA6-4D6E-9103-CF6AD4BFEB2A}.Debug|Any CPU.Build.0 = Debug|Any CPU
		{A93E6B46-FBA6-4D6E-9103-CF6AD4BFEB2A}.Release|Any CPU.ActiveCfg = Release|Any CPU
		{A93E6B46-FBA6-4D6E-9103-CF6AD4BFEB2A}.Release|Any CPU.Build.0 = Release|Any CPU
		{9820FFFF-9E8F-4D81-A3E8-9BFDCE24DBD3}.Debug|Any CPU.ActiveCfg = Debug|Any CPU
		{9820FFFF-9E8F-4D81-A3E8-9BFDCE24DBD3}.Debug|Any CPU.Build.0 = Debug|Any CPU
		{9820FFFF-9E8F-4D81-A3E8-9BFDCE24DBD3}.Release|Any CPU.ActiveCfg = Release|Any CPU
		{9820FFFF-9E8F-4D81-A3E8-9BFDCE24DBD3}.Release|Any CPU.Build.0 = Release|Any CPU
		{60996FF3-6B53-491C-9FBF-0E8A23C3F011}.Debug|Any CPU.ActiveCfg = Debug|Any CPU
		{60996FF3-6B53-491C-9FBF-0E8A23C3F011}.Debug|Any CPU.Build.0 = Debug|Any CPU
		{60996FF3-6B53-491C-9FBF-0E8A23C3F011}.Release|Any CPU.ActiveCfg = Release|Any CPU
		{60996FF3-6B53-491C-9FBF-0E8A23C3F011}.Release|Any CPU.Build.0 = Release|Any CPU
	EndGlobalSection
	GlobalSection(SolutionProperties) = preSolution
		HideSolutionNode = FALSE
	EndGlobalSection
	GlobalSection(ExtensibilityGlobals) = postSolution
		SolutionGuid = {016261CA-1F6B-4896-8D63-85F6C9D0EBCC}
	EndGlobalSection
EndGlobal
